// !$*UTF8*$!
{
	archiveVersion = 1;
	classes = {
	};
	objectVersion = 50;
	objects = {

/* Begin PBXBuildFile section */
		5935C2A12404B9F500AC28AD /* AppDelegate.swift in Sources */ = {isa = PBXBuildFile; fileRef = 5935C2A02404B9F500AC28AD /* AppDelegate.swift */; };
		5935C2A32404B9F500AC28AD /* SceneDelegate.swift in Sources */ = {isa = PBXBuildFile; fileRef = 5935C2A22404B9F500AC28AD /* SceneDelegate.swift */; };
		5935C2A52404B9F500AC28AD /* ViewController.swift in Sources */ = {isa = PBXBuildFile; fileRef = 5935C2A42404B9F500AC28AD /* ViewController.swift */; };
		5935C2A82404B9F600AC28AD /* Main.storyboard in Resources */ = {isa = PBXBuildFile; fileRef = 5935C2A62404B9F600AC28AD /* Main.storyboard */; };
		5935C2AA2404B9F700AC28AD /* Assets.xcassets in Resources */ = {isa = PBXBuildFile; fileRef = 5935C2A92404B9F700AC28AD /* Assets.xcassets */; };
		5935C2AD2404B9F700AC28AD /* LaunchScreen.storyboard in Resources */ = {isa = PBXBuildFile; fileRef = 5935C2AB2404B9F700AC28AD /* LaunchScreen.storyboard */; };
		5935C2B82404B9F700AC28AD /* Frydryck_Homework_4Tests.swift in Sources */ = {isa = PBXBuildFile; fileRef = 5935C2B72404B9F700AC28AD /* Frydryck_Homework_4Tests.swift */; };
		5935C2C32404B9F800AC28AD /* Frydryck_Homework_4UITests.swift in Sources */ = {isa = PBXBuildFile; fileRef = 5935C2C22404B9F800AC28AD /* Frydryck_Homework_4UITests.swift */; };
/* End PBXBuildFile section */

/* Begin PBXContainerItemProxy section */
		5935C2B42404B9F700AC28AD /* PBXContainerItemProxy */ = {
			isa = PBXContainerItemProxy;
			containerPortal = 5935C2952404B9F500AC28AD /* Project object */;
			proxyType = 1;
			remoteGlobalIDString = 5935C29C2404B9F500AC28AD;
			remoteInfo = "Frydryck Homework 4";
		};
		5935C2BF2404B9F800AC28AD /* PBXContainerItemProxy */ = {
			isa = PBXContainerItemProxy;
			containerPortal = 5935C2952404B9F500AC28AD /* Project object */;
			proxyType = 1;
			remoteGlobalIDString = 5935C29C2404B9F500AC28AD;
			remoteInfo = "Frydryck Homework 4";
		};
/* End PBXContainerItemProxy section */

/* Begin PBXFileReference section */
		5935C29D2404B9F500AC28AD /* Frydryck Homework 4.app */ = {isa = PBXFileReference; explicitFileType = wrapper.application; includeInIndex = 0; path = "Frydryck Homework 4.app"; sourceTree = BUILT_PRODUCTS_DIR; };
		5935C2A02404B9F500AC28AD /* AppDelegate.swift */ = {isa = PBXFileReference; lastKnownFileType = sourcecode.swift; path = AppDelegate.swift; sourceTree = "<group>"; };
		5935C2A22404B9F500AC28AD /* SceneDelegate.swift */ = {isa = PBXFileReference; lastKnownFileType = sourcecode.swift; path = SceneDelegate.swift; sourceTree = "<group>"; };
		5935C2A42404B9F500AC28AD /* ViewController.swift */ = {isa = PBXFileReference; lastKnownFileType = sourcecode.swift; path = ViewController.swift; sourceTree = "<group>"; };
		5935C2A72404B9F600AC28AD /* Base */ = {isa = PBXFileReference; lastKnownFileType = file.storyboard; name = Base; path = Base.lproj/Main.storyboard; sourceTree = "<group>"; };
		5935C2A92404B9F700AC28AD /* Assets.xcassets */ = {isa = PBXFileReference; lastKnownFileType = folder.assetcatalog; path = Assets.xcassets; sourceTree = "<group>"; };
		5935C2AC2404B9F700AC28AD /* Base */ = {isa = PBXFileReference; lastKnownFileType = file.storyboard; name = Base; path = Base.lproj/LaunchScreen.storyboard; sourceTree = "<group>"; };
		5935C2AE2404B9F700AC28AD /* Info.plist */ = {isa = PBXFileReference; lastKnownFileType = text.plist.xml; path = Info.plist; sourceTree = "<group>"; };
		5935C2B32404B9F700AC28AD /* Frydryck Homework 4Tests.xctest */ = {isa = PBXFileReference; explicitFileType = wrapper.cfbundle; includeInIndex = 0; path = "Frydryck Homework 4Tests.xctest"; sourceTree = BUILT_PRODUCTS_DIR; };
		5935C2B72404B9F700AC28AD /* Frydryck_Homework_4Tests.swift */ = {isa = PBXFileReference; lastKnownFileType = sourcecode.swift; path = Frydryck_Homework_4Tests.swift; sourceTree = "<group>"; };
		5935C2B92404B9F700AC28AD /* Info.plist */ = {isa = PBXFileReference; lastKnownFileType = text.plist.xml; path = Info.plist; sourceTree = "<group>"; };
		5935C2BE2404B9F800AC28AD /* Frydryck Homework 4UITests.xctest */ = {isa = PBXFileReference; explicitFileType = wrapper.cfbundle; includeInIndex = 0; path = "Frydryck Homework 4UITests.xctest"; sourceTree = BUILT_PRODUCTS_DIR; };
		5935C2C22404B9F800AC28AD /* Frydryck_Homework_4UITests.swift */ = {isa = PBXFileReference; lastKnownFileType = sourcecode.swift; path = Frydryck_Homework_4UITests.swift; sourceTree = "<group>"; };
		5935C2C42404B9F800AC28AD /* Info.plist */ = {isa = PBXFileReference; lastKnownFileType = text.plist.xml; path = Info.plist; sourceTree = "<group>"; };
/* End PBXFileReference section */

/* Begin PBXFrameworksBuildPhase section */
		5935C29A2404B9F500AC28AD /* Frameworks */ = {
			isa = PBXFrameworksBuildPhase;
			buildActionMask = 2147483647;
			files = (
			);
			runOnlyForDeploymentPostprocessing = 0;
		};
		5935C2B02404B9F700AC28AD /* Frameworks */ = {
			isa = PBXFrameworksBuildPhase;
			buildActionMask = 2147483647;
			files = (
			);
			runOnlyForDeploymentPostprocessing = 0;
		};
		5935C2BB2404B9F800AC28AD /* Frameworks */ = {
			isa = PBXFrameworksBuildPhase;
			buildActionMask = 2147483647;
			files = (
			);
			runOnlyForDeploymentPostprocessing = 0;
		};
/* End PBXFrameworksBuildPhase section */

/* Begin PBXGroup section */
		5935C2942404B9F500AC28AD = {
			isa = PBXGroup;
			children = (
				5935C29F2404B9F500AC28AD /* Frydryck Homework 4 */,
				5935C2B62404B9F700AC28AD /* Frydryck Homework 4Tests */,
				5935C2C12404B9F800AC28AD /* Frydryck Homework 4UITests */,
				5935C29E2404B9F500AC28AD /* Products */,
			);
			sourceTree = "<group>";
		};
		5935C29E2404B9F500AC28AD /* Products */ = {
			isa = PBXGroup;
			children = (
				5935C29D2404B9F500AC28AD /* Frydryck Homework 4.app */,
				5935C2B32404B9F700AC28AD /* Frydryck Homework 4Tests.xctest */,
				5935C2BE2404B9F800AC28AD /* Frydryck Homework 4UITests.xctest */,
			);
			name = Products;
			sourceTree = "<group>";
		};
		5935C29F2404B9F500AC28AD /* Frydryck Homework 4 */ = {
			isa = PBXGroup;
			children = (
				5935C2A02404B9F500AC28AD /* AppDelegate.swift */,
				5935C2A22404B9F500AC28AD /* SceneDelegate.swift */,
				5935C2A42404B9F500AC28AD /* ViewController.swift */,
				5935C2A62404B9F600AC28AD /* Main.storyboard */,
				5935C2A92404B9F700AC28AD /* Assets.xcassets */,
				5935C2AB2404B9F700AC28AD /* LaunchScreen.storyboard */,
				5935C2AE2404B9F700AC28AD /* Info.plist */,
			);
			path = "Frydryck Homework 4";
			sourceTree = "<group>";
		};
		5935C2B62404B9F700AC28AD /* Frydryck Homework 4Tests */ = {
			isa = PBXGroup;
			children = (
				5935C2B72404B9F700AC28AD /* Frydryck_Homework_4Tests.swift */,
				5935C2B92404B9F700AC28AD /* Info.plist */,
			);
			path = "Frydryck Homework 4Tests";
			sourceTree = "<group>";
		};
		5935C2C12404B9F800AC28AD /* Frydryck Homework 4UITests */ = {
			isa = PBXGroup;
			children = (
				5935C2C22404B9F800AC28AD /* Frydryck_Homework_4UITests.swift */,
				5935C2C42404B9F800AC28AD /* Info.plist */,
			);
			path = "Frydryck Homework 4UITests";
			sourceTree = "<group>";
		};
/* End PBXGroup section */

/* Begin PBXNativeTarget section */
		5935C29C2404B9F500AC28AD /* Frydryck Homework 4 */ = {
			isa = PBXNativeTarget;
			buildConfigurationList = 5935C2C72404B9F800AC28AD /* Build configuration list for PBXNativeTarget "Frydryck Homework 4" */;
			buildPhases = (
				5935C2992404B9F500AC28AD /* Sources */,
				5935C29A2404B9F500AC28AD /* Frameworks */,
				5935C29B2404B9F500AC28AD /* Resources */,
			);
			buildRules = (
			);
			dependencies = (
			);
			name = "Frydryck Homework 4";
			productName = "Frydryck Homework 4";
			productReference = 5935C29D2404B9F500AC28AD /* Frydryck Homework 4.app */;
			productType = "com.apple.product-type.application";
		};
		5935C2B22404B9F700AC28AD /* Frydryck Homework 4Tests */ = {
			isa = PBXNativeTarget;
			buildConfigurationList = 5935C2CA2404B9F800AC28AD /* Build configuration list for PBXNativeTarget "Frydryck Homework 4Tests" */;
			buildPhases = (
				5935C2AF2404B9F700AC28AD /* Sources */,
				5935C2B02404B9F700AC28AD /* Frameworks */,
				5935C2B12404B9F700AC28AD /* Resources */,
			);
			buildRules = (
			);
			dependencies = (
				5935C2B52404B9F700AC28AD /* PBXTargetDependency */,
			);
			name = "Frydryck Homework 4Tests";
			productName = "Frydryck Homework 4Tests";
			productReference = 5935C2B32404B9F700AC28AD /* Frydryck Homework 4Tests.xctest */;
			productType = "com.apple.product-type.bundle.unit-test";
		};
		5935C2BD2404B9F800AC28AD /* Frydryck Homework 4UITests */ = {
			isa = PBXNativeTarget;
			buildConfigurationList = 5935C2CD2404B9F800AC28AD /* Build configuration list for PBXNativeTarget "Frydryck Homework 4UITests" */;
			buildPhases = (
				5935C2BA2404B9F800AC28AD /* Sources */,
				5935C2BB2404B9F800AC28AD /* Frameworks */,
				5935C2BC2404B9F800AC28AD /* Resources */,
			);
			buildRules = (
			);
			dependencies = (
				5935C2C02404B9F800AC28AD /* PBXTargetDependency */,
			);
			name = "Frydryck Homework 4UITests";
			productName = "Frydryck Homework 4UITests";
			productReference = 5935C2BE2404B9F800AC28AD /* Frydryck Homework 4UITests.xctest */;
			productType = "com.apple.product-type.bundle.ui-testing";
		};
/* End PBXNativeTarget section */

/* Begin PBXProject section */
		5935C2952404B9F500AC28AD /* Project object */ = {
			isa = PBXProject;
			attributes = {
				LastSwiftUpdateCheck = 1130;
				LastUpgradeCheck = 1130;
				ORGANIZATIONNAME = "Natalie Frydryck";
				TargetAttributes = {
					5935C29C2404B9F500AC28AD = {
						CreatedOnToolsVersion = 11.3.1;
					};
					5935C2B22404B9F700AC28AD = {
						CreatedOnToolsVersion = 11.3.1;
						TestTargetID = 5935C29C2404B9F500AC28AD;
					};
					5935C2BD2404B9F800AC28AD = {
						CreatedOnToolsVersion = 11.3.1;
						TestTargetID = 5935C29C2404B9F500AC28AD;
					};
				};
			};
			buildConfigurationList = 5935C2982404B9F500AC28AD /* Build configuration list for PBXProject "Frydryck Homework 4" */;
			compatibilityVersion = "Xcode 9.3";
			developmentRegion = en;
			hasScannedForEncodings = 0;
			knownRegions = (
				en,
				Base,
			);
			mainGroup = 5935C2942404B9F500AC28AD;
			productRefGroup = 5935C29E2404B9F500AC28AD /* Products */;
			projectDirPath = "";
			projectRoot = "";
			targets = (
				5935C29C2404B9F500AC28AD /* Frydryck Homework 4 */,
				5935C2B22404B9F700AC28AD /* Frydryck Homework 4Tests */,
				5935C2BD2404B9F800AC28AD /* Frydryck Homework 4UITests */,
			);
		};
/* End PBXProject section */

/* Begin PBXResourcesBuildPhase section */
		5935C29B2404B9F500AC28AD /* Resources */ = {
			isa = PBXResourcesBuildPhase;
			buildActionMask = 2147483647;
			files = (
				5935C2AD2404B9F700AC28AD /* LaunchScreen.storyboard in Resources */,
				5935C2AA2404B9F700AC28AD /* Assets.xcassets in Resources */,
				5935C2A82404B9F600AC28AD /* Main.storyboard in Resources */,
			);
			runOnlyForDeploymentPostprocessing = 0;
		};
		5935C2B12404B9F700AC28AD /* Resources */ = {
			isa = PBXResourcesBuildPhase;
			buildActionMask = 2147483647;
			files = (
			);
			runOnlyForDeploymentPostprocessing = 0;
		};
		5935C2BC2404B9F800AC28AD /* Resources */ = {
			isa = PBXResourcesBuildPhase;
			buildActionMask = 2147483647;
			files = (
			);
			runOnlyForDeploymentPostprocessing = 0;
		};
/* End PBXResourcesBuildPhase section */

/* Begin PBXSourcesBuildPhase section */
		5935C2992404B9F500AC28AD /* Sources */ = {
			isa = PBXSourcesBuildPhase;
			buildActionMask = 2147483647;
			files = (
				5935C2A52404B9F500AC28AD /* ViewController.swift in Sources */,
				5935C2A12404B9F500AC28AD /* AppDelegate.swift in Sources */,
				5935C2A32404B9F500AC28AD /* SceneDelegate.swift in Sources */,
			);
			runOnlyForDeploymentPostprocessing = 0;
		};
		5935C2AF2404B9F700AC28AD /* Sources */ = {
			isa = PBXSourcesBuildPhase;
			buildActionMask = 2147483647;
			files = (
				5935C2B82404B9F700AC28AD /* Frydryck_Homework_4Tests.swift in Sources */,
			);
			runOnlyForDeploymentPostprocessing = 0;
		};
		5935C2BA2404B9F800AC28AD /* Sources */ = {
			isa = PBXSourcesBuildPhase;
			buildActionMask = 2147483647;
			files = (
				5935C2C32404B9F800AC28AD /* Frydryck_Homework_4UITests.swift in Sources */,
			);
			runOnlyForDeploymentPostprocessing = 0;
		};
/* End PBXSourcesBuildPhase section */

/* Begin PBXTargetDependency section */
		5935C2B52404B9F700AC28AD /* PBXTargetDependency */ = {
			isa = PBXTargetDependency;
			target = 5935C29C2404B9F500AC28AD /* Frydryck Homework 4 */;
			targetProxy = 5935C2B42404B9F700AC28AD /* PBXContainerItemProxy */;
		};
		5935C2C02404B9F800AC28AD /* PBXTargetDependency */ = {
			isa = PBXTargetDependency;
			target = 5935C29C2404B9F500AC28AD /* Frydryck Homework 4 */;
			targetProxy = 5935C2BF2404B9F800AC28AD /* PBXContainerItemProxy */;
		};
/* End PBXTargetDependency section */

/* Begin PBXVariantGroup section */
		5935C2A62404B9F600AC28AD /* Main.storyboard */ = {
			isa = PBXVariantGroup;
			children = (
				5935C2A72404B9F600AC28AD /* Base */,
			);
			name = Main.storyboard;
			sourceTree = "<group>";
		};
		5935C2AB2404B9F700AC28AD /* LaunchScreen.storyboard */ = {
			isa = PBXVariantGroup;
			children = (
				5935C2AC2404B9F700AC28AD /* Base */,
			);
			name = LaunchScreen.storyboard;
			sourceTree = "<group>";
		};
/* End PBXVariantGroup section */

/* Begin XCBuildConfiguration section */
		5935C2C52404B9F800AC28AD /* Debug */ = {
			isa = XCBuildConfiguration;
			buildSettings = {
				ALWAYS_SEARCH_USER_PATHS = NO;
				CLANG_ANALYZER_NONNULL = YES;
				CLANG_ANALYZER_NUMBER_OBJECT_CONVERSION = YES_AGGRESSIVE;
				CLANG_CXX_LANGUAGE_STANDARD = "gnu++14";
				CLANG_CXX_LIBRARY = "libc++";
				CLANG_ENABLE_MODULES = YES;
				CLANG_ENABLE_OBJC_ARC = YES;
				CLANG_ENABLE_OBJC_WEAK = YES;
				CLANG_WARN_BLOCK_CAPTURE_AUTORELEASING = YES;
				CLANG_WARN_BOOL_CONVERSION = YES;
				CLANG_WARN_COMMA = YES;
				CLANG_WARN_CONSTANT_CONVERSION = YES;
				CLANG_WARN_DEPRECATED_OBJC_IMPLEMENTATIONS = YES;
				CLANG_WARN_DIRECT_OBJC_ISA_USAGE = YES_ERROR;
				CLANG_WARN_DOCUMENTATION_COMMENTS = YES;
				CLANG_WARN_EMPTY_BODY = YES;
				CLANG_WARN_ENUM_CONVERSION = YES;
				CLANG_WARN_INFINITE_RECURSION = YES;
				CLANG_WARN_INT_CONVERSION = YES;
				CLANG_WARN_NON_LITERAL_NULL_CONVERSION = YES;
				CLANG_WARN_OBJC_IMPLICIT_RETAIN_SELF = YES;
				CLANG_WARN_OBJC_LITERAL_CONVERSION = YES;
				CLANG_WARN_OBJC_ROOT_CLASS = YES_ERROR;
				CLANG_WARN_RANGE_LOOP_ANALYSIS = YES;
				CLANG_WARN_STRICT_PROTOTYPES = YES;
				CLANG_WARN_SUSPICIOUS_MOVE = YES;
				CLANG_WARN_UNGUARDED_AVAILABILITY = YES_AGGRESSIVE;
				CLANG_WARN_UNREACHABLE_CODE = YES;
				CLANG_WARN__DUPLICATE_METHOD_MATCH = YES;
				COPY_PHASE_STRIP = NO;
				DEBUG_INFORMATION_FORMAT = dwarf;
				ENABLE_STRICT_OBJC_MSGSEND = YES;
				ENABLE_TESTABILITY = YES;
				GCC_C_LANGUAGE_STANDARD = gnu11;
				GCC_DYNAMIC_NO_PIC = NO;
				GCC_NO_COMMON_BLOCKS = YES;
				GCC_OPTIMIZATION_LEVEL = 0;
				GCC_PREPROCESSOR_DEFINITIONS = (
					"DEBUG=1",
					"$(inherited)",
				);
				GCC_WARN_64_TO_32_BIT_CONVERSION = YES;
				GCC_WARN_ABOUT_RETURN_TYPE = YES_ERROR;
				GCC_WARN_UNDECLARED_SELECTOR = YES;
				GCC_WARN_UNINITIALIZED_AUTOS = YES_AGGRESSIVE;
				GCC_WARN_UNUSED_FUNCTION = YES;
				GCC_WARN_UNUSED_VARIABLE = YES;
				IPHONEOS_DEPLOYMENT_TARGET = 13.2;
				MTL_ENABLE_DEBUG_INFO = INCLUDE_SOURCE;
				MTL_FAST_MATH = YES;
				ONLY_ACTIVE_ARCH = YES;
				SDKROOT = iphoneos;
				SWIFT_ACTIVE_COMPILATION_CONDITIONS = DEBUG;
				SWIFT_OPTIMIZATION_LEVEL = "-Onone";
			};
			name = Debug;
		};
		5935C2C62404B9F800AC28AD /* Release */ = {
			isa = XCBuildConfiguration;
			buildSettings = {
				ALWAYS_SEARCH_USER_PATHS = NO;
				CLANG_ANALYZER_NONNULL = YES;
				CLANG_ANALYZER_NUMBER_OBJECT_CONVERSION = YES_AGGRESSIVE;
				CLANG_CXX_LANGUAGE_STANDARD = "gnu++14";
				CLANG_CXX_LIBRARY = "libc++";
				CLANG_ENABLE_MODULES = YES;
				CLANG_ENABLE_OBJC_ARC = YES;
				CLANG_ENABLE_OBJC_WEAK = YES;
				CLANG_WARN_BLOCK_CAPTURE_AUTORELEASING = YES;
				CLANG_WARN_BOOL_CONVERSION = YES;
				CLANG_WARN_COMMA = YES;
				CLANG_WARN_CONSTANT_CONVERSION = YES;
				CLANG_WARN_DEPRECATED_OBJC_IMPLEMENTATIONS = YES;
				CLANG_WARN_DIRECT_OBJC_ISA_USAGE = YES_ERROR;
				CLANG_WARN_DOCUMENTATION_COMMENTS = YES;
				CLANG_WARN_EMPTY_BODY = YES;
				CLANG_WARN_ENUM_CONVERSION = YES;
				CLANG_WARN_INFINITE_RECURSION = YES;
				CLANG_WARN_INT_CONVERSION = YES;
				CLANG_WARN_NON_LITERAL_NULL_CONVERSION = YES;
				CLANG_WARN_OBJC_IMPLICIT_RETAIN_SELF = YES;
				CLANG_WARN_OBJC_LITERAL_CONVERSION = YES;
				CLANG_WARN_OBJC_ROOT_CLASS = YES_ERROR;
				CLANG_WARN_RANGE_LOOP_ANALYSIS = YES;
				CLANG_WARN_STRICT_PROTOTYPES = YES;
				CLANG_WARN_SUSPICIOUS_MOVE = YES;
				CLANG_WARN_UNGUARDED_AVAILABILITY = YES_AGGRESSIVE;
				CLANG_WARN_UNREACHABLE_CODE = YES;
				CLANG_WARN__DUPLICATE_METHOD_MATCH = YES;
				COPY_PHASE_STRIP = NO;
				DEBUG_INFORMATION_FORMAT = "dwarf-with-dsym";
				ENABLE_NS_ASSERTIONS = NO;
				ENABLE_STRICT_OBJC_MSGSEND = YES;
				GCC_C_LANGUAGE_STANDARD = gnu11;
				GCC_NO_COMMON_BLOCKS = YES;
				GCC_WARN_64_TO_32_BIT_CONVERSION = YES;
				GCC_WARN_ABOUT_RETURN_TYPE = YES_ERROR;
				GCC_WARN_UNDECLARED_SELECTOR = YES;
				GCC_WARN_UNINITIALIZED_AUTOS = YES_AGGRESSIVE;
				GCC_WARN_UNUSED_FUNCTION = YES;
				GCC_WARN_UNUSED_VARIABLE = YES;
				IPHONEOS_DEPLOYMENT_TARGET = 13.2;
				MTL_ENABLE_DEBUG_INFO = NO;
				MTL_FAST_MATH = YES;
				SDKROOT = iphoneos;
				SWIFT_COMPILATION_MODE = wholemodule;
				SWIFT_OPTIMIZATION_LEVEL = "-O";
				VALIDATE_PRODUCT = YES;
			};
			name = Release;
		};
		5935C2C82404B9F800AC28AD /* Debug */ = {
			isa = XCBuildConfiguration;
			buildSettings = {
				ASSETCATALOG_COMPILER_APPICON_NAME = AppIcon;
				CODE_SIGN_STYLE = Automatic;
				DEVELOPMENT_TEAM = UN752K5L2X;
				INFOPLIST_FILE = "Frydryck Homework 4/Info.plist";
				LD_RUNPATH_SEARCH_PATHS = (
					"$(inherited)",
					"@executable_path/Frameworks",
				);
				PRODUCT_BUNDLE_IDENTIFIER = "setonhill.edu.Frydryck-Homework-4";
				PRODUCT_NAME = "$(TARGET_NAME)";
				SWIFT_VERSION = 5.0;
				TARGETED_DEVICE_FAMILY = "1,2";
			};
			name = Debug;
		};
		5935C2C92404B9F800AC28AD /* Release */ = {
			isa = XCBuildConfiguration;
			buildSettings = {
				ASSETCATALOG_COMPILER_APPICON_NAME = AppIcon;
				CODE_SIGN_STYLE = Automatic;
				DEVELOPMENT_TEAM = UN752K5L2X;
				INFOPLIST_FILE = "Frydryck Homework 4/Info.plist";
				LD_RUNPATH_SEARCH_PATHS = (
					"$(inherited)",
					"@executable_path/Frameworks",
				);
				PRODUCT_BUNDLE_IDENTIFIER = "setonhill.edu.Frydryck-Homework-4";
				PRODUCT_NAME = "$(TARGET_NAME)";
				SWIFT_VERSION = 5.0;
				TARGETED_DEVICE_FAMILY = "1,2";
			};
			name = Release;
		};
		5935C2CB2404B9F800AC28AD /* Debug */ = {
			isa = XCBuildConfiguration;
			buildSettings = {
				ALWAYS_EMBED_SWIFT_STANDARD_LIBRARIES = YES;
				BUNDLE_LOADER = "$(TEST_HOST)";
				CODE_SIGN_STYLE = Automatic;
				DEVELOPMENT_TEAM = UN752K5L2X;
				INFOPLIST_FILE = "Frydryck Homework 4Tests/Info.plist";
				IPHONEOS_DEPLOYMENT_TARGET = 13.2;
				LD_RUNPATH_SEARCH_PATHS = (
					"$(inherited)",
					"@executable_path/Frameworks",
					"@loader_path/Frameworks",
				);
				PRODUCT_BUNDLE_IDENTIFIER = "setonhill.edu.Frydryck-Homework-4Tests";
				PRODUCT_NAME = "$(TARGET_NAME)";
				SWIFT_VERSION = 5.0;
				TARGETED_DEVICE_FAMILY = "1,2";
				TEST_HOST = "$(BUILT_PRODUCTS_DIR)/Frydryck Homework 4.app/Frydryck Homework 4";
			};
			name = Debug;
		};
		5935C2CC2404B9F800AC28AD /* Release */ = {
			isa = XCBuildConfiguration;
			buildSettings = {
				ALWAYS_EMBED_SWIFT_STANDARD_LIBRARIES = YES;
				BUNDLE_LOADER = "$(TEST_HOST)";
				CODE_SIGN_STYLE = Automatic;
				DEVELOPMENT_TEAM = UN752K5L2X;
				INFOPLIST_FILE = "Frydryck Homework 4Tests/Info.plist";
				IPHONEOS_DEPLOYMENT_TARGET = 13.2;
				LD_RUNPATH_SEARCH_PATHS = (
					"$(inherited)",
					"@executable_path/Frameworks",
					"@loader_path/Frameworks",
				);
				PRODUCT_BUNDLE_IDENTIFIER = "setonhill.edu.Frydryck-Homework-4Tests";
				PRODUCT_NAME = "$(TARGET_NAME)";
				SWIFT_VERSION = 5.0;
				TARGETED_DEVICE_FAMILY = "1,2";
				TEST_HOST = "$(BUILT_PRODUCTS_DIR)/Frydryck Homework 4.app/Frydryck Homework 4";
			};
			name = Release;
		};
		5935C2CE2404B9F800AC28AD /* Debug */ = {
			isa = XCBuildConfiguration;
			buildSettings = {
				ALWAYS_EMBED_SWIFT_STANDARD_LIBRARIES = YES;
				CODE_SIGN_STYLE = Automatic;
				DEVELOPMENT_TEAM = UN752K5L2X;
				INFOPLIST_FILE = "Frydryck Homework 4UITests/Info.plist";
				LD_RUNPATH_SEARCH_PATHS = (
					"$(inherited)",
					"@executable_path/Frameworks",
					"@loader_path/Frameworks",
				);
				PRODUCT_BUNDLE_IDENTIFIER = "setonhill.edu.Frydryck-Homework-4UITests";
				PRODUCT_NAME = "$(TARGET_NAME)";
				SWIFT_VERSION = 5.0;
				TARGETED_DEVICE_FAMILY = "1,2";
				TEST_TARGET_NAME = "Frydryck Homework 4";
			};
			name = Debug;
		};
		5935C2CF2404B9F800AC28AD /* Release */ = {
			isa = XCBuildConfiguration;
			buildSettings = {
				ALWAYS_EMBED_SWIFT_STANDARD_LIBRARIES = YES;
				CODE_SIGN_STYLE = Automatic;
				DEVELOPMENT_TEAM = UN752K5L2X;
				INFOPLIST_FILE = "Frydryck Homework 4UITests/Info.plist";
				LD_RUNPATH_SEARCH_PATHS = (
					"$(inherited)",
					"@executable_path/Frameworks",
					"@loader_path/Frameworks",
				);
				PRODUCT_BUNDLE_IDENTIFIER = "setonhill.edu.Frydryck-Homework-4UITests";
				PRODUCT_NAME = "$(TARGET_NAME)";
				SWIFT_VERSION = 5.0;
				TARGETED_DEVICE_FAMILY = "1,2";
				TEST_TARGET_NAME = "Frydryck Homework 4";
			};
			name = Release;
		};
/* End XCBuildConfiguration section */

/* Begin XCConfigurationList section */
		5935C2982404B9F500AC28AD /* Build configuration list for PBXProject "Frydryck Homework 4" */ = {
			isa = XCConfigurationList;
			buildConfigurations = (
				5935C2C52404B9F800AC28AD /* Debug */,
				5935C2C62404B9F800AC28AD /* Release */,
			);
			defaultConfigurationIsVisible = 0;
			defaultConfigurationName = Release;
		};
		5935C2C72404B9F800AC28AD /* Build configuration list for PBXNativeTarget "Frydryck Homework 4" */ = {
			isa = XCConfigurationList;
			buildConfigurations = (
				5935C2C82404B9F800AC28AD /* Debug */,
				5935C2C92404B9F800AC28AD /* Release */,
			);
			defaultConfigurationIsVisible = 0;
			defaultConfigurationName = Release;
		};
		5935C2CA2404B9F800AC28AD /* Build configuration list for PBXNativeTarget "Frydryck Homework 4Tests" */ = {
			isa = XCConfigurationList;
			buildConfigurations = (
				5935C2CB2404B9F800AC28AD /* Debug */,
				5935C2CC2404B9F800AC28AD /* Release */,
			);
			defaultConfigurationIsVisible = 0;
			defaultConfigurationName = Release;
		};
		5935C2CD2404B9F800AC28AD /* Build configuration list for PBXNativeTarget "Frydryck Homework 4UITests" */ = {
			isa = XCConfigurationList;
			buildConfigurations = (
				5935C2CE2404B9F800AC28AD /* Debug */,
				5935C2CF2404B9F800AC28AD /* Release */,
			);
			defaultConfigurationIsVisible = 0;
			defaultConfigurationName = Release;
		};
/* End XCConfigurationList section */
	};
	rootObject = 5935C2952404B9F500AC28AD /* Project object */;
}
